
Microsoft Visual Studio Solution File, Format Version 12.00
# Visual Studio Version 16
VisualStudioVersion = 16.0.30907.101
MinimumVisualStudioVersion = 10.0.40219.1
Project("{FAE04EC0-301F-11D3-BF4B-00C04F79EFBC}") = "AOG_BOT", "AOG_BOT.csproj", "{1AC34E3A-1582-46F6-925F-2E31D3CAA8A4}"
EndProject
Global
	GlobalSection(SolutionConfigurationPlatforms) = preSolution
		Debug|Any CPU = Debug|Any CPU
		Release|Any CPU = Release|Any CPU
	EndGlobalSection
	GlobalSection(ProjectConfigurationPlatforms) = postSolution
		{1AC34E3A-1582-46F6-925F-2E31D3CAA8A4}.Debug|Any CPU.ActiveCfg = Debug|Any CPU
		{1AC34E3A-1582-46F6-925F-2E31D3CAA8A4}.Debug|Any CPU.Build.0 = Debug|Any CPU
		{1AC34E3A-1582-46F6-925F-2E31D3CAA8A4}.Release|Any CPU.ActiveCfg = Release|Any CPU
		{1AC34E3A-1582-46F6-925F-2E31D3CAA8A4}.Release|Any CPU.Build.0 = Release|Any CPU
	EndGlobalSection
	GlobalSection(SolutionProperties) = preSolution
		HideSolutionNode = FALSE
	EndGlobalSection
	GlobalSection(ExtensibilityGlobals) = postSolution
		SolutionGuid = {2C5396EC-A799-468B-A156-EE2573219EC4}
	EndGlobalSection
EndGlobal
